
Microsoft Visual Studio Solution File, Format Version 12.00
# Visual Studio 15
VisualStudioVersion = 15.0.28307.489
MinimumVisualStudioVersion = 10.0.40219.1
Project("{9A19103F-16F7-4668-BE54-9A1E7A4F7556}") = "CoreLibrary", "CoreLibrary\CoreLibrary.csproj", "{7D1B6544-4A8C-4654-B250-C81CACEFAD6C}"
EndProject
Project("{9A19103F-16F7-4668-BE54-9A1E7A4F7556}") = "ApplicationLibrary", "ApplicationLibrary\ApplicationLibrary.csproj", "{CF1C2783-A823-4A2F-A1C8-70F4A0A09134}"
EndProject
Project("{9A19103F-16F7-4668-BE54-9A1E7A4F7556}") = "InfrastructureLibrary", "InfrastructureLibrary\InfrastructureLibrary.csproj", "{E771A785-2790-4F4B-A26E-82487DDC5BAA}"
EndProject
Project("{9A19103F-16F7-4668-BE54-9A1E7A4F7556}") = "PersistenceLibrary", "PersistenceLibrary\PersistenceLibrary.csproj", "{72FF600E-0010-4B87-A1AA-5B2EC5B49DCF}"
EndProject
Project("{FAE04EC0-301F-11D3-BF4B-00C04F79EFBC}") = "Presentation.WebUI", "Presentation.WebUI\Presentation.WebUI.csproj", "{7A1A82E7-01C9-4CEC-80F9-FB69A476B6F3}"
EndProject
Project("{FAE04EC0-301F-11D3-BF4B-00C04F79EFBC}") = "Persistance.RepositoryLibrary", "Persistance.RepositoryLibrary\Persistance.RepositoryLibrary.csproj", "{DAD9DFF1-A619-42BD-A8B0-DC92EDC2725F}"
EndProject
Global
	GlobalSection(SolutionConfigurationPlatforms) = preSolution
		Debug|Any CPU = Debug|Any CPU
		Release|Any CPU = Release|Any CPU
	EndGlobalSection
	GlobalSection(ProjectConfigurationPlatforms) = postSolution
		{7D1B6544-4A8C-4654-B250-C81CACEFAD6C}.Debug|Any CPU.ActiveCfg = Debug|Any CPU
		{7D1B6544-4A8C-4654-B250-C81CACEFAD6C}.Debug|Any CPU.Build.0 = Debug|Any CPU
		{7D1B6544-4A8C-4654-B250-C81CACEFAD6C}.Release|Any CPU.ActiveCfg = Release|Any CPU
		{7D1B6544-4A8C-4654-B250-C81CACEFAD6C}.Release|Any CPU.Build.0 = Release|Any CPU
		{CF1C2783-A823-4A2F-A1C8-70F4A0A09134}.Debug|Any CPU.ActiveCfg = Debug|Any CPU
		{CF1C2783-A823-4A2F-A1C8-70F4A0A09134}.Debug|Any CPU.Build.0 = Debug|Any CPU
		{CF1C2783-A823-4A2F-A1C8-70F4A0A09134}.Release|Any CPU.ActiveCfg = Release|Any CPU
		{CF1C2783-A823-4A2F-A1C8-70F4A0A09134}.Release|Any CPU.Build.0 = Release|Any CPU
		{E771A785-2790-4F4B-A26E-82487DDC5BAA}.Debug|Any CPU.ActiveCfg = Debug|Any CPU
		{E771A785-2790-4F4B-A26E-82487DDC5BAA}.Debug|Any CPU.Build.0 = Debug|Any CPU
		{E771A785-2790-4F4B-A26E-82487DDC5BAA}.Release|Any CPU.ActiveCfg = Release|Any CPU
		{E771A785-2790-4F4B-A26E-82487DDC5BAA}.Release|Any CPU.Build.0 = Release|Any CPU
		{72FF600E-0010-4B87-A1AA-5B2EC5B49DCF}.Debug|Any CPU.ActiveCfg = Debug|Any CPU
		{72FF600E-0010-4B87-A1AA-5B2EC5B49DCF}.Debug|Any CPU.Build.0 = Debug|Any CPU
		{72FF600E-0010-4B87-A1AA-5B2EC5B49DCF}.Release|Any CPU.ActiveCfg = Release|Any CPU
		{72FF600E-0010-4B87-A1AA-5B2EC5B49DCF}.Release|Any CPU.Build.0 = Release|Any CPU
		{7A1A82E7-01C9-4CEC-80F9-FB69A476B6F3}.Debug|Any CPU.ActiveCfg = Debug|Any CPU
		{7A1A82E7-01C9-4CEC-80F9-FB69A476B6F3}.Debug|Any CPU.Build.0 = Debug|Any CPU
		{7A1A82E7-01C9-4CEC-80F9-FB69A476B6F3}.Release|Any CPU.ActiveCfg = Release|Any CPU
		{7A1A82E7-01C9-4CEC-80F9-FB69A476B6F3}.Release|Any CPU.Build.0 = Release|Any CPU
		{DAD9DFF1-A619-42BD-A8B0-DC92EDC2725F}.Debug|Any CPU.ActiveCfg = Debug|Any CPU
		{DAD9DFF1-A619-42BD-A8B0-DC92EDC2725F}.Debug|Any CPU.Build.0 = Debug|Any CPU
		{DAD9DFF1-A619-42BD-A8B0-DC92EDC2725F}.Release|Any CPU.ActiveCfg = Release|Any CPU
		{DAD9DFF1-A619-42BD-A8B0-DC92EDC2725F}.Release|Any CPU.Build.0 = Release|Any CPU
	EndGlobalSection
	GlobalSection(SolutionProperties) = preSolution
		HideSolutionNode = FALSE
	EndGlobalSection
	GlobalSection(ExtensibilityGlobals) = postSolution
		SolutionGuid = {0A101E1B-4B17-4010-B4B7-7CD9E72522AF}
	EndGlobalSection
EndGlobal
